
Microsoft Visual Studio Solution File, Format Version 12.00
# Visual Studio Version 16
VisualStudioVersion = 16.0.30011.22
MinimumVisualStudioVersion = 10.0.40219.1
Project("{FAE04EC0-301F-11D3-BF4B-00C04F79EFBC}") = "Bridge", "Bridge\Bridge.csproj", "{90AC0D28-05E4-494B-B7DB-ED405120B756}"
EndProject
Global
	GlobalSection(SolutionConfigurationPlatforms) = preSolution
		Debug|Any CPU = Debug|Any CPU
		Release|Any CPU = Release|Any CPU
	EndGlobalSection
	GlobalSection(ProjectConfigurationPlatforms) = postSolution
		{90AC0D28-05E4-494B-B7DB-ED405120B756}.Debug|Any CPU.ActiveCfg = Debug|Any CPU
		{90AC0D28-05E4-494B-B7DB-ED405120B756}.Debug|Any CPU.Build.0 = Debug|Any CPU
		{90AC0D28-05E4-494B-B7DB-ED405120B756}.Release|Any CPU.ActiveCfg = Release|Any CPU
		{90AC0D28-05E4-494B-B7DB-ED405120B756}.Release|Any CPU.Build.0 = Release|Any CPU
	EndGlobalSection
	GlobalSection(SolutionProperties) = preSolution
		HideSolutionNode = FALSE
	EndGlobalSection
	GlobalSection(ExtensibilityGlobals) = postSolution
		SolutionGuid = {4B61F81B-408F-451D-A982-5C5511471708}
	EndGlobalSection
EndGlobal
