
Microsoft Visual Studio Solution File, Format Version 12.00
# Visual Studio Version 16
VisualStudioVersion = 16.0.29911.84
MinimumVisualStudioVersion = 10.0.40219.1
Project("{FAE04EC0-301F-11D3-BF4B-00C04F79EFBC}") = "FactoryMethod", "FactoryMethod\FactoryMethod.csproj", "{024C08DE-496D-489D-AA65-75FAA1F7A2F9}"
EndProject
Global
	GlobalSection(SolutionConfigurationPlatforms) = preSolution
		Debug|Any CPU = Debug|Any CPU
		Release|Any CPU = Release|Any CPU
	EndGlobalSection
	GlobalSection(ProjectConfigurationPlatforms) = postSolution
		{024C08DE-496D-489D-AA65-75FAA1F7A2F9}.Debug|Any CPU.ActiveCfg = Debug|Any CPU
		{024C08DE-496D-489D-AA65-75FAA1F7A2F9}.Debug|Any CPU.Build.0 = Debug|Any CPU
		{024C08DE-496D-489D-AA65-75FAA1F7A2F9}.Release|Any CPU.ActiveCfg = Release|Any CPU
		{024C08DE-496D-489D-AA65-75FAA1F7A2F9}.Release|Any CPU.Build.0 = Release|Any CPU
	EndGlobalSection
	GlobalSection(SolutionProperties) = preSolution
		HideSolutionNode = FALSE
	EndGlobalSection
	GlobalSection(ExtensibilityGlobals) = postSolution
		SolutionGuid = {2621300D-7BA0-44F2-BD30-1E4D1D06B0A5}
	EndGlobalSection
EndGlobal
